
Microsoft Visual Studio Solution File, Format Version 12.00
# Visual Studio Version 16
VisualStudioVersion = 16.0.31729.503
MinimumVisualStudioVersion = 10.0.40219.1
Project("{FAE04EC0-301F-11D3-BF4B-00C04F79EFBC}") = "trpo3", "trpo3\trpo3.csproj", "{2E4871E6-A365-4A0D-9C1D-4D7FC6C6C927}"
EndProject
Global
	GlobalSection(SolutionConfigurationPlatforms) = preSolution
		Debug|Any CPU = Debug|Any CPU
		Release|Any CPU = Release|Any CPU
	EndGlobalSection
	GlobalSection(ProjectConfigurationPlatforms) = postSolution
		{2E4871E6-A365-4A0D-9C1D-4D7FC6C6C927}.Debug|Any CPU.ActiveCfg = Debug|Any CPU
		{2E4871E6-A365-4A0D-9C1D-4D7FC6C6C927}.Debug|Any CPU.Build.0 = Debug|Any CPU
		{2E4871E6-A365-4A0D-9C1D-4D7FC6C6C927}.Release|Any CPU.ActiveCfg = Release|Any CPU
		{2E4871E6-A365-4A0D-9C1D-4D7FC6C6C927}.Release|Any CPU.Build.0 = Release|Any CPU
	EndGlobalSection
	GlobalSection(SolutionProperties) = preSolution
		HideSolutionNode = FALSE
	EndGlobalSection
	GlobalSection(ExtensibilityGlobals) = postSolution
		SolutionGuid = {8BA41190-92AC-426A-87C0-7EFAB5EFE232}
	EndGlobalSection
EndGlobal
